
Microsoft Visual Studio Solution File, Format Version 12.00
# Visual Studio Version 16
VisualStudioVersion = 16.0.30204.135
MinimumVisualStudioVersion = 10.0.40219.1
Project("{FAE04EC0-301F-11D3-BF4B-00C04F79EFBC}") = "SourceProofReader", "SourceProofReader\SourceProofReader.csproj", "{C2007968-9709-4C8D-B4C7-C901B3953D41}"
EndProject
Project("{2150E333-8FDC-42A3-9474-1A3956D46DE8}") = "Solution Items", "Solution Items", "{B1A3E111-6199-4AB1-B669-37701189EDB5}"
	ProjectSection(SolutionItems) = preProject
		.gitattributes = .gitattributes
		OriginalSources\PROOFRDR.BAS = OriginalSources\PROOFRDR.BAS
		Readme.md = Readme.md
		ScreenshotOnDOSBox.png = ScreenshotOnDOSBox.png
		OriginalSources\SWTCHBOX.BAS = OriginalSources\SWTCHBOX.BAS
	EndProjectSection
EndProject
Global
	GlobalSection(SolutionConfigurationPlatforms) = preSolution
		Debug|ARM = Debug|ARM
		Debug|ARM64 = Debug|ARM64
		Debug|x64 = Debug|x64
		Debug|x86 = Debug|x86
		Release|ARM = Release|ARM
		Release|ARM64 = Release|ARM64
		Release|x64 = Release|x64
		Release|x86 = Release|x86
	EndGlobalSection
	GlobalSection(ProjectConfigurationPlatforms) = postSolution
		{C2007968-9709-4C8D-B4C7-C901B3953D41}.Debug|ARM.ActiveCfg = Debug|ARM
		{C2007968-9709-4C8D-B4C7-C901B3953D41}.Debug|ARM.Build.0 = Debug|ARM
		{C2007968-9709-4C8D-B4C7-C901B3953D41}.Debug|ARM.Deploy.0 = Debug|ARM
		{C2007968-9709-4C8D-B4C7-C901B3953D41}.Debug|ARM64.ActiveCfg = Debug|ARM64
		{C2007968-9709-4C8D-B4C7-C901B3953D41}.Debug|ARM64.Build.0 = Debug|ARM64
		{C2007968-9709-4C8D-B4C7-C901B3953D41}.Debug|ARM64.Deploy.0 = Debug|ARM64
		{C2007968-9709-4C8D-B4C7-C901B3953D41}.Debug|x64.ActiveCfg = Debug|x64
		{C2007968-9709-4C8D-B4C7-C901B3953D41}.Debug|x64.Build.0 = Debug|x64
		{C2007968-9709-4C8D-B4C7-C901B3953D41}.Debug|x64.Deploy.0 = Debug|x64
		{C2007968-9709-4C8D-B4C7-C901B3953D41}.Debug|x86.ActiveCfg = Debug|x86
		{C2007968-9709-4C8D-B4C7-C901B3953D41}.Debug|x86.Build.0 = Debug|x86
		{C2007968-9709-4C8D-B4C7-C901B3953D41}.Debug|x86.Deploy.0 = Debug|x86
		{C2007968-9709-4C8D-B4C7-C901B3953D41}.Release|ARM.ActiveCfg = Release|ARM
		{C2007968-9709-4C8D-B4C7-C901B3953D41}.Release|ARM.Build.0 = Release|ARM
		{C2007968-9709-4C8D-B4C7-C901B3953D41}.Release|ARM.Deploy.0 = Release|ARM
		{C2007968-9709-4C8D-B4C7-C901B3953D41}.Release|ARM64.ActiveCfg = Release|ARM64
		{C2007968-9709-4C8D-B4C7-C901B3953D41}.Release|ARM64.Build.0 = Release|ARM64
		{C2007968-9709-4C8D-B4C7-C901B3953D41}.Release|ARM64.Deploy.0 = Release|ARM64
		{C2007968-9709-4C8D-B4C7-C901B3953D41}.Release|x64.ActiveCfg = Release|x64
		{C2007968-9709-4C8D-B4C7-C901B3953D41}.Release|x64.Build.0 = Release|x64
		{C2007968-9709-4C8D-B4C7-C901B3953D41}.Release|x64.Deploy.0 = Release|x64
		{C2007968-9709-4C8D-B4C7-C901B3953D41}.Release|x86.ActiveCfg = Release|x86
		{C2007968-9709-4C8D-B4C7-C901B3953D41}.Release|x86.Build.0 = Release|x86
		{C2007968-9709-4C8D-B4C7-C901B3953D41}.Release|x86.Deploy.0 = Release|x86
	EndGlobalSection
	GlobalSection(SolutionProperties) = preSolution
		HideSolutionNode = FALSE
	EndGlobalSection
	GlobalSection(ExtensibilityGlobals) = postSolution
		SolutionGuid = {81A9965C-3301-4A3F-B58E-A435E83C3352}
	EndGlobalSection
EndGlobal
